// !$*UTF8*$!
{
	archiveVersion = 1;
	classes = {
	};
	objectVersion = 50;
	objects = {

/* Begin PBXBuildFile section */
		208E54AD5FD77A475C6016A6 /* Pods_sunrise.framework in Frameworks */ = {isa = PBXBuildFile; fileRef = B692760768D7CEB92A7DF1B4 /* Pods_sunrise.framework */; };
		33502DCA25CD490E00D20B10 /* AppDelegate.swift in Sources */ = {isa = PBXBuildFile; fileRef = 33502DC925CD490E00D20B10 /* AppDelegate.swift */; };
		33502DCC25CD490E00D20B10 /* SceneDelegate.swift in Sources */ = {isa = PBXBuildFile; fileRef = 33502DCB25CD490E00D20B10 /* SceneDelegate.swift */; };
		33502DCE25CD490E00D20B10 /* ViewController.swift in Sources */ = {isa = PBXBuildFile; fileRef = 33502DCD25CD490E00D20B10 /* ViewController.swift */; };
		33502DD125CD490E00D20B10 /* Main.storyboard in Resources */ = {isa = PBXBuildFile; fileRef = 33502DCF25CD490E00D20B10 /* Main.storyboard */; };
		33502DD325CD491200D20B10 /* Assets.xcassets in Resources */ = {isa = PBXBuildFile; fileRef = 33502DD225CD491200D20B10 /* Assets.xcassets */; };
		33502DD625CD491200D20B10 /* LaunchScreen.storyboard in Resources */ = {isa = PBXBuildFile; fileRef = 33502DD425CD491200D20B10 /* LaunchScreen.storyboard */; };
/* End PBXBuildFile section */

/* Begin PBXFileReference section */
		33502DC625CD490E00D20B10 /* sunrise.app */ = {isa = PBXFileReference; explicitFileType = wrapper.application; includeInIndex = 0; path = sunrise.app; sourceTree = BUILT_PRODUCTS_DIR; };
		33502DC925CD490E00D20B10 /* AppDelegate.swift */ = {isa = PBXFileReference; lastKnownFileType = sourcecode.swift; path = AppDelegate.swift; sourceTree = "<group>"; };
		33502DCB25CD490E00D20B10 /* SceneDelegate.swift */ = {isa = PBXFileReference; lastKnownFileType = sourcecode.swift; path = SceneDelegate.swift; sourceTree = "<group>"; };
		33502DCD25CD490E00D20B10 /* ViewController.swift */ = {isa = PBXFileReference; lastKnownFileType = sourcecode.swift; path = ViewController.swift; sourceTree = "<group>"; };
		33502DD025CD490E00D20B10 /* Base */ = {isa = PBXFileReference; lastKnownFileType = file.storyboard; name = Base; path = Base.lproj/Main.storyboard; sourceTree = "<group>"; };
		33502DD225CD491200D20B10 /* Assets.xcassets */ = {isa = PBXFileReference; lastKnownFileType = folder.assetcatalog; path = Assets.xcassets; sourceTree = "<group>"; };
		33502DD525CD491200D20B10 /* Base */ = {isa = PBXFileReference; lastKnownFileType = file.storyboard; name = Base; path = Base.lproj/LaunchScreen.storyboard; sourceTree = "<group>"; };
		33502DD725CD491200D20B10 /* Info.plist */ = {isa = PBXFileReference; lastKnownFileType = text.plist.xml; path = Info.plist; sourceTree = "<group>"; };
		51017D2BEA7EE5A9A505D7D0 /* Pods-sunrise.debug.xcconfig */ = {isa = PBXFileReference; includeInIndex = 1; lastKnownFileType = text.xcconfig; name = "Pods-sunrise.debug.xcconfig"; path = "Target Support Files/Pods-sunrise/Pods-sunrise.debug.xcconfig"; sourceTree = "<group>"; };
		B692760768D7CEB92A7DF1B4 /* Pods_sunrise.framework */ = {isa = PBXFileReference; explicitFileType = wrapper.framework; includeInIndex = 0; path = Pods_sunrise.framework; sourceTree = BUILT_PRODUCTS_DIR; };
		C262BDA9B4717868C35AEFBF /* Pods-sunrise.release.xcconfig */ = {isa = PBXFileReference; includeInIndex = 1; lastKnownFileType = text.xcconfig; name = "Pods-sunrise.release.xcconfig"; path = "Target Support Files/Pods-sunrise/Pods-sunrise.release.xcconfig"; sourceTree = "<group>"; };
/* End PBXFileReference section */

/* Begin PBXFrameworksBuildPhase section */
		33502DC325CD490E00D20B10 /* Frameworks */ = {
			isa = PBXFrameworksBuildPhase;
			buildActionMask = 2147483647;
			files = (
				208E54AD5FD77A475C6016A6 /* Pods_sunrise.framework in Frameworks */,
			);
			runOnlyForDeploymentPostprocessing = 0;
		};
/* End PBXFrameworksBuildPhase section */

/* Begin PBXGroup section */
		15D156C950580D57128D6FDB /* Frameworks */ = {
			isa = PBXGroup;
			children = (
				B692760768D7CEB92A7DF1B4 /* Pods_sunrise.framework */,
			);
			name = Frameworks;
			sourceTree = "<group>";
		};
		33502DBD25CD490D00D20B10 = {
			isa = PBXGroup;
			children = (
				33502DC825CD490E00D20B10 /* sunrise */,
				33502DC725CD490E00D20B10 /* Products */,
				41FBA6783FDF767D8F8E22CC /* Pods */,
				15D156C950580D57128D6FDB /* Frameworks */,
			);
			sourceTree = "<group>";
		};
		33502DC725CD490E00D20B10 /* Products */ = {
			isa = PBXGroup;
			children = (
				33502DC625CD490E00D20B10 /* sunrise.app */,
			);
			name = Products;
			sourceTree = "<group>";
		};
		33502DC825CD490E00D20B10 /* sunrise */ = {
			isa = PBXGroup;
			children = (
				33502DC925CD490E00D20B10 /* AppDelegate.swift */,
				33502DCB25CD490E00D20B10 /* SceneDelegate.swift */,
				33502DCD25CD490E00D20B10 /* ViewController.swift */,
				33502DCF25CD490E00D20B10 /* Main.storyboard */,
				33502DD225CD491200D20B10 /* Assets.xcassets */,
				33502DD425CD491200D20B10 /* LaunchScreen.storyboard */,
				33502DD725CD491200D20B10 /* Info.plist */,
			);
			path = sunrise;
			sourceTree = "<group>";
		};
		41FBA6783FDF767D8F8E22CC /* Pods */ = {
			isa = PBXGroup;
			children = (
				51017D2BEA7EE5A9A505D7D0 /* Pods-sunrise.debug.xcconfig */,
				C262BDA9B4717868C35AEFBF /* Pods-sunrise.release.xcconfig */,
			);
			name = Pods;
			path = Pods;
			sourceTree = "<group>";
		};
/* End PBXGroup section */

/* Begin PBXNativeTarget section */
		33502DC525CD490E00D20B10 /* sunrise */ = {
			isa = PBXNativeTarget;
			buildConfigurationList = 33502DDA25CD491200D20B10 /* Build configuration list for PBXNativeTarget "sunrise" */;
			buildPhases = (
				B2A84D5A82439B7D54DE641E /* [CP] Check Pods Manifest.lock */,
				33502DC225CD490E00D20B10 /* Sources */,
				33502DC325CD490E00D20B10 /* Frameworks */,
				33502DC425CD490E00D20B10 /* Resources */,
			);
			buildRules = (
			);
			dependencies = (
			);
			name = sunrise;
			productName = sunrise;
			productReference = 33502DC625CD490E00D20B10 /* sunrise.app */;
			productType = "com.apple.product-type.application";
		};
/* End PBXNativeTarget section */

/* Begin PBXProject section */
		33502DBE25CD490D00D20B10 /* Project object */ = {
			isa = PBXProject;
			attributes = {
				LastSwiftUpdateCheck = 1230;
				LastUpgradeCheck = 1230;
				TargetAttributes = {
					33502DC525CD490E00D20B10 = {
						CreatedOnToolsVersion = 12.3;
					};
				};
			};
			buildConfigurationList = 33502DC125CD490D00D20B10 /* Build configuration list for PBXProject "sunrise" */;
			compatibilityVersion = "Xcode 9.3";
			developmentRegion = en;
			hasScannedForEncodings = 0;
			knownRegions = (
				en,
				Base,
			);
			mainGroup = 33502DBD25CD490D00D20B10;
			productRefGroup = 33502DC725CD490E00D20B10 /* Products */;
			projectDirPath = "";
			projectRoot = "";
			targets = (
				33502DC525CD490E00D20B10 /* sunrise */,
			);
		};
/* End PBXProject section */

/* Begin PBXResourcesBuildPhase section */
		33502DC425CD490E00D20B10 /* Resources */ = {
			isa = PBXResourcesBuildPhase;
			buildActionMask = 2147483647;
			files = (
				33502DD625CD491200D20B10 /* LaunchScreen.storyboard in Resources */,
				33502DD325CD491200D20B10 /* Assets.xcassets in Resources */,
				33502DD125CD490E00D20B10 /* Main.storyboard in Resources */,
			);
			runOnlyForDeploymentPostprocessing = 0;
		};
/* End PBXResourcesBuildPhase section */

/* Begin PBXShellScriptBuildPhase section */
		B2A84D5A82439B7D54DE641E /* [CP] Check Pods Manifest.lock */ = {
			isa = PBXShellScriptBuildPhase;
			buildActionMask = 2147483647;
			files = (
			);
			inputFileListPaths = (
			);
			inputPaths = (
				"${PODS_PODFILE_DIR_PATH}/Podfile.lock",
				"${PODS_ROOT}/Manifest.lock",
			);
			name = "[CP] Check Pods Manifest.lock";
			outputFileListPaths = (
			);
			outputPaths = (
				"$(DERIVED_FILE_DIR)/Pods-sunrise-checkManifestLockResult.txt",
			);
			runOnlyForDeploymentPostprocessing = 0;
			shellPath = /bin/sh;
			shellScript = "diff \"${PODS_PODFILE_DIR_PATH}/Podfile.lock\" \"${PODS_ROOT}/Manifest.lock\" > /dev/null\nif [ $? != 0 ] ; then\n    # print error to STDERR\n    echo \"error: The sandbox is not in sync with the Podfile.lock. Run 'pod install' or update your CocoaPods installation.\" >&2\n    exit 1\nfi\n# This output is used by Xcode 'outputs' to avoid re-running this script phase.\necho \"SUCCESS\" > \"${SCRIPT_OUTPUT_FILE_0}\"\n";
			showEnvVarsInLog = 0;
		};
/* End PBXShellScriptBuildPhase section */

/* Begin PBXSourcesBuildPhase section */
		33502DC225CD490E00D20B10 /* Sources */ = {
			isa = PBXSourcesBuildPhase;
			buildActionMask = 2147483647;
			files = (
				33502DCE25CD490E00D20B10 /* ViewController.swift in Sources */,
				33502DCA25CD490E00D20B10 /* AppDelegate.swift in Sources */,
				33502DCC25CD490E00D20B10 /* SceneDelegate.swift in Sources */,
			);
			runOnlyForDeploymentPostprocessing = 0;
		};
/* End PBXSourcesBuildPhase section */

/* Begin PBXVariantGroup section */
		33502DCF25CD490E00D20B10 /* Main.storyboard */ = {
			isa = PBXVariantGroup;
			children = (
				33502DD025CD490E00D20B10 /* Base */,
			);
			name = Main.storyboard;
			sourceTree = "<group>";
		};
		33502DD425CD491200D20B10 /* LaunchScreen.storyboard */ = {
			isa = PBXVariantGroup;
			children = (
				33502DD525CD491200D20B10 /* Base */,
			);
			name = LaunchScreen.storyboard;
			sourceTree = "<group>";
		};
/* End PBXVariantGroup section */

/* Begin XCBuildConfiguration section */
		33502DD825CD491200D20B10 /* Debug */ = {
			isa = XCBuildConfiguration;
			buildSettings = {
				ALWAYS_SEARCH_USER_PATHS = NO;
				CLANG_ANALYZER_NONNULL = YES;
				CLANG_ANALYZER_NUMBER_OBJECT_CONVERSION = YES_AGGRESSIVE;
				CLANG_CXX_LANGUAGE_STANDARD = "gnu++14";
				CLANG_CXX_LIBRARY = "libc++";
				CLANG_ENABLE_MODULES = YES;
				CLANG_ENABLE_OBJC_ARC = YES;
				CLANG_ENABLE_OBJC_WEAK = YES;
				CLANG_WARN_BLOCK_CAPTURE_AUTORELEASING = YES;
				CLANG_WARN_BOOL_CONVERSION = YES;
				CLANG_WARN_COMMA = YES;
				CLANG_WARN_CONSTANT_CONVERSION = YES;
				CLANG_WARN_DEPRECATED_OBJC_IMPLEMENTATIONS = YES;
				CLANG_WARN_DIRECT_OBJC_ISA_USAGE = YES_ERROR;
				CLANG_WARN_DOCUMENTATION_COMMENTS = YES;
				CLANG_WARN_EMPTY_BODY = YES;
				CLANG_WARN_ENUM_CONVERSION = YES;
				CLANG_WARN_INFINITE_RECURSION = YES;
				CLANG_WARN_INT_CONVERSION = YES;
				CLANG_WARN_NON_LITERAL_NULL_CONVERSION = YES;
				CLANG_WARN_OBJC_IMPLICIT_RETAIN_SELF = YES;
				CLANG_WARN_OBJC_LITERAL_CONVERSION = YES;
				CLANG_WARN_OBJC_ROOT_CLASS = YES_ERROR;
				CLANG_WARN_QUOTED_INCLUDE_IN_FRAMEWORK_HEADER = YES;
				CLANG_WARN_RANGE_LOOP_ANALYSIS = YES;
				CLANG_WARN_STRICT_PROTOTYPES = YES;
				CLANG_WARN_SUSPICIOUS_MOVE = YES;
				CLANG_WARN_UNGUARDED_AVAILABILITY = YES_AGGRESSIVE;
				CLANG_WARN_UNREACHABLE_CODE = YES;
				CLANG_WARN__DUPLICATE_METHOD_MATCH = YES;
				COPY_PHASE_STRIP = NO;
				DEBUG_INFORMATION_FORMAT = dwarf;
				ENABLE_STRICT_OBJC_MSGSEND = YES;
				ENABLE_TESTABILITY = YES;
				GCC_C_LANGUAGE_STANDARD = gnu11;
				GCC_DYNAMIC_NO_PIC = NO;
				GCC_NO_COMMON_BLOCKS = YES;
				GCC_OPTIMIZATION_LEVEL = 0;
				GCC_PREPROCESSOR_DEFINITIONS = (
					"DEBUG=1",
					"$(inherited)",
				);
				GCC_WARN_64_TO_32_BIT_CONVERSION = YES;
				GCC_WARN_ABOUT_RETURN_TYPE = YES_ERROR;
				GCC_WARN_UNDECLARED_SELECTOR = YES;
				GCC_WARN_UNINITIALIZED_AUTOS = YES_AGGRESSIVE;
				GCC_WARN_UNUSED_FUNCTION = YES;
				GCC_WARN_UNUSED_VARIABLE = YES;
				IPHONEOS_DEPLOYMENT_TARGET = 14.3;
				MTL_ENABLE_DEBUG_INFO = INCLUDE_SOURCE;
				MTL_FAST_MATH = YES;
				ONLY_ACTIVE_ARCH = YES;
				SDKROOT = iphoneos;
				SWIFT_ACTIVE_COMPILATION_CONDITIONS = DEBUG;
				SWIFT_OPTIMIZATION_LEVEL = "-Onone";
			};
			name = Debug;
		};
		33502DD925CD491200D20B10 /* Release */ = {
			isa = XCBuildConfiguration;
			buildSettings = {
				ALWAYS_SEARCH_USER_PATHS = NO;
				CLANG_ANALYZER_NONNULL = YES;
				CLANG_ANALYZER_NUMBER_OBJECT_CONVERSION = YES_AGGRESSIVE;
				CLANG_CXX_LANGUAGE_STANDARD = "gnu++14";
				CLANG_CXX_LIBRARY = "libc++";
				CLANG_ENABLE_MODULES = YES;
				CLANG_ENABLE_OBJC_ARC = YES;
				CLANG_ENABLE_OBJC_WEAK = YES;
				CLANG_WARN_BLOCK_CAPTURE_AUTORELEASING = YES;
				CLANG_WARN_BOOL_CONVERSION = YES;
				CLANG_WARN_COMMA = YES;
				CLANG_WARN_CONSTANT_CONVERSION = YES;
				CLANG_WARN_DEPRECATED_OBJC_IMPLEMENTATIONS = YES;
				CLANG_WARN_DIRECT_OBJC_ISA_USAGE = YES_ERROR;
				CLANG_WARN_DOCUMENTATION_COMMENTS = YES;
				CLANG_WARN_EMPTY_BODY = YES;
				CLANG_WARN_ENUM_CONVERSION = YES;
				CLANG_WARN_INFINITE_RECURSION = YES;
				CLANG_WARN_INT_CONVERSION = YES;
				CLANG_WARN_NON_LITERAL_NULL_CONVERSION = YES;
				CLANG_WARN_OBJC_IMPLICIT_RETAIN_SELF = YES;
				CLANG_WARN_OBJC_LITERAL_CONVERSION = YES;
				CLANG_WARN_OBJC_ROOT_CLASS = YES_ERROR;
				CLANG_WARN_QUOTED_INCLUDE_IN_FRAMEWORK_HEADER = YES;
				CLANG_WARN_RANGE_LOOP_ANALYSIS = YES;
				CLANG_WARN_STRICT_PROTOTYPES = YES;
				CLANG_WARN_SUSPICIOUS_MOVE = YES;
				CLANG_WARN_UNGUARDED_AVAILABILITY = YES_AGGRESSIVE;
				CLANG_WARN_UNREACHABLE_CODE = YES;
				CLANG_WARN__DUPLICATE_METHOD_MATCH = YES;
				COPY_PHASE_STRIP = NO;
				DEBUG_INFORMATION_FORMAT = "dwarf-with-dsym";
				ENABLE_NS_ASSERTIONS = NO;
				ENABLE_STRICT_OBJC_MSGSEND = YES;
				GCC_C_LANGUAGE_STANDARD = gnu11;
				GCC_NO_COMMON_BLOCKS = YES;
				GCC_WARN_64_TO_32_BIT_CONVERSION = YES;
				GCC_WARN_ABOUT_RETURN_TYPE = YES_ERROR;
				GCC_WARN_UNDECLARED_SELECTOR = YES;
				GCC_WARN_UNINITIALIZED_AUTOS = YES_AGGRESSIVE;
				GCC_WARN_UNUSED_FUNCTION = YES;
				GCC_WARN_UNUSED_VARIABLE = YES;
				IPHONEOS_DEPLOYMENT_TARGET = 14.3;
				MTL_ENABLE_DEBUG_INFO = NO;
				MTL_FAST_MATH = YES;
				SDKROOT = iphoneos;
				SWIFT_COMPILATION_MODE = wholemodule;
				SWIFT_OPTIMIZATION_LEVEL = "-O";
				VALIDATE_PRODUCT = YES;
			};
			name = Release;
		};
		33502DDB25CD491200D20B10 /* Debug */ = {
			isa = XCBuildConfiguration;
			baseConfigurationReference = 51017D2BEA7EE5A9A505D7D0 /* Pods-sunrise.debug.xcconfig */;
			buildSettings = {
				ASSETCATALOG_COMPILER_APPICON_NAME = AppIcon;
				ASSETCATALOG_COMPILER_GLOBAL_ACCENT_COLOR_NAME = AccentColor;
				CODE_SIGN_STYLE = Automatic;
				INFOPLIST_FILE = sunrise/Info.plist;
				LD_RUNPATH_SEARCH_PATHS = (
					"$(inherited)",
					"@executable_path/Frameworks",
				);
				PRODUCT_BUNDLE_IDENTIFIER = com.sun.sunrise;
				PRODUCT_NAME = "$(TARGET_NAME)";
				SWIFT_VERSION = 5.0;
				TARGETED_DEVICE_FAMILY = "1,2";
			};
			name = Debug;
		};
		33502DDC25CD491200D20B10 /* Release */ = {
			isa = XCBuildConfiguration;
			baseConfigurationReference = C262BDA9B4717868C35AEFBF /* Pods-sunrise.release.xcconfig */;
			buildSettings = {
				ASSETCATALOG_COMPILER_APPICON_NAME = AppIcon;
				ASSETCATALOG_COMPILER_GLOBAL_ACCENT_COLOR_NAME = AccentColor;
				CODE_SIGN_STYLE = Automatic;
				INFOPLIST_FILE = sunrise/Info.plist;
				LD_RUNPATH_SEARCH_PATHS = (
					"$(inherited)",
					"@executable_path/Frameworks",
				);
				PRODUCT_BUNDLE_IDENTIFIER = com.sun.sunrise;
				PRODUCT_NAME = "$(TARGET_NAME)";
				SWIFT_VERSION = 5.0;
				TARGETED_DEVICE_FAMILY = "1,2";
			};
			name = Release;
		};
/* End XCBuildConfiguration section */

/* Begin XCConfigurationList section */
		33502DC125CD490D00D20B10 /* Build configuration list for PBXProject "sunrise" */ = {
			isa = XCConfigurationList;
			buildConfigurations = (
				33502DD825CD491200D20B10 /* Debug */,
				33502DD925CD491200D20B10 /* Release */,
			);
			defaultConfigurationIsVisible = 0;
			defaultConfigurationName = Release;
		};
		33502DDA25CD491200D20B10 /* Build configuration list for PBXNativeTarget "sunrise" */ = {
			isa = XCConfigurationList;
			buildConfigurations = (
				33502DDB25CD491200D20B10 /* Debug */,
				33502DDC25CD491200D20B10 /* Release */,
			);
			defaultConfigurationIsVisible = 0;
			defaultConfigurationName = Release;
		};
/* End XCConfigurationList section */
	};
	rootObject = 33502DBE25CD490D00D20B10 /* Project object */;
}
